
Microsoft Visual Studio Solution File, Format Version 12.00
# Visual Studio 14
VisualStudioVersion = 14.0.25420.1
MinimumVisualStudioVersion = 10.0.40219.1
Project("{2150E333-8FDC-42A3-9474-1A3956D46DE8}") = "NIEM", "NIEM", "{296BAAB2-A662-460E-8282-A544087BE27D}"
EndProject
Project("{2150E333-8FDC-42A3-9474-1A3956D46DE8}") = "EDXL", "EDXL", "{74413DAA-4F78-4D22-9657-861937D41AF9}"
EndProject
Project("{8BB2217D-0F2D-49D1-97BC-3654ED321F3B}") = "EMS.EDXL.Utilities", "EDXL\EMS.EDXL.Utilities\EMS.EDXL.Utilities.xproj", "{9358E20C-B18D-4A37-B51C-AF358CF47464}"
EndProject
Project("{8BB2217D-0F2D-49D1-97BC-3654ED321F3B}") = "EMS.EDXL.DE", "EDXL\EMS.EDXL.DE\EMS.EDXL.DE.xproj", "{E2035874-3FAA-4EB8-9421-82BAA1C4C06D}"
EndProject
Project("{8BB2217D-0F2D-49D1-97BC-3654ED321F3B}") = "EMS.NIEM.NIEMCommon", "NIEM\EMS.NIEM.NIEMCommon\EMS.NIEM.NIEMCommon.xproj", "{02DB16A5-E386-4D22-9FAA-B747F7FF99F1}"
EndProject
Project("{8BB2217D-0F2D-49D1-97BC-3654ED321F3B}") = "EMS.NIEM.Infrastructure", "NIEM\EMS.NIEM.Infrastructure\EMS.NIEM.Infrastructure.xproj", "{68962E63-9237-42E0-8527-AE413EBD0963}"
EndProject
Project("{8BB2217D-0F2D-49D1-97BC-3654ED321F3B}") = "EMS.NIEM.Resource", "NIEM\EMS.NIEM.Resource\EMS.NIEM.Resource.xproj", "{6B1BA9BF-792B-4C2A-8C52-CEE0685DDB2D}"
EndProject
Project("{8BB2217D-0F2D-49D1-97BC-3654ED321F3B}") = "EMS.NIEM.Incident", "NIEM\EMS.NIEM.Incident\EMS.NIEM.Incident.xproj", "{D32A6D69-B80D-44CC-A88E-8C73E4D70E9C}"
EndProject
Project("{8BB2217D-0F2D-49D1-97BC-3654ED321F3B}") = "EMS.NIEM.MutualAid", "NIEM\EMS.NIEM.MutualAid\EMS.NIEM.MutualAid.xproj", "{CE0FE241-26A9-4D3B-9BDF-D5DB5B7B3CA0}"
EndProject
Project("{8BB2217D-0F2D-49D1-97BC-3654ED321F3B}") = "EMS.EDXL.SitRep", "EDXL\EMS.EDXL.SitRep\EMS.EDXL.SitRep.xproj", "{41345B16-0EC1-4044-8395-A938EAC22B93}"
EndProject
Project("{8BB2217D-0F2D-49D1-97BC-3654ED321F3B}") = "EMS.NIEM.EMLC", "NIEM\EMS.NIEM.EMLC\EMS.NIEM.EMLC.xproj", "{093CFAFB-C835-4602-8C44-A89B321BADA5}"
EndProject
Project("{8BB2217D-0F2D-49D1-97BC-3654ED321F3B}") = "EMS.EDXL.CIQ", "EDXL\EMS.EDXL.CIQ\EMS.EDXL.CIQ.xproj", "{84946A49-666E-4BB8-B1A1-3248002340DD}"
EndProject
Project("{8BB2217D-0F2D-49D1-97BC-3654ED321F3B}") = "EMS.EDXL.GSF", "EDXL\EMS.EDXL.GSF\EMS.EDXL.GSF.xproj", "{493CD7B1-65A0-4974-8FAC-9EA1239261E5}"
EndProject
Project("{8BB2217D-0F2D-49D1-97BC-3654ED321F3B}") = "EMS.EDXL.CT", "EDXL\EMS.EDXL.CT\EMS.EDXL.CT.xproj", "{418BD748-294E-471B-B42A-962C635BCC49}"
EndProject
Project("{8BB2217D-0F2D-49D1-97BC-3654ED321F3B}") = "EMS.EDXL.Shared", "EDXL\EMS.EDXL.Shared\EMS.EDXL.Shared.xproj", "{02775767-3D38-4C0D-ABD9-23BFB683C5ED}"
EndProject
Project("{2150E333-8FDC-42A3-9474-1A3956D46DE8}") = "Solution Items", "Solution Items", "{46314EF0-08FF-4794-9DEA-4F2F756A478D}"
	ProjectSection(SolutionItems) = preProject
		global.json = global.json
	EndProjectSection
EndProject
Project("{8BB2217D-0F2D-49D1-97BC-3654ED321F3B}") = "EMS.EDXL.EXT", "EDXL\EMS.EDXL.EXT\EMS.EDXL.EXT.xproj", "{6CD11753-535C-47CB-9F99-05B3E6C902DA}"
EndProject
Project("{8BB2217D-0F2D-49D1-97BC-3654ED321F3B}") = "EMS.NIEM.EMLC.Sensor", "NIEM\EMS.NIEM.Sensor\EMS.NIEM.Sensor.xproj", "{A818FB68-DC75-47CC-8A91-9DBB43E35C24}"
EndProject
Global
	GlobalSection(SolutionConfigurationPlatforms) = preSolution
		Debug|Any CPU = Debug|Any CPU
		Release|Any CPU = Release|Any CPU
	EndGlobalSection
	GlobalSection(ProjectConfigurationPlatforms) = postSolution
		{9358E20C-B18D-4A37-B51C-AF358CF47464}.Debug|Any CPU.ActiveCfg = Debug|Any CPU
		{9358E20C-B18D-4A37-B51C-AF358CF47464}.Debug|Any CPU.Build.0 = Debug|Any CPU
		{9358E20C-B18D-4A37-B51C-AF358CF47464}.Release|Any CPU.ActiveCfg = Release|Any CPU
		{9358E20C-B18D-4A37-B51C-AF358CF47464}.Release|Any CPU.Build.0 = Release|Any CPU
		{E2035874-3FAA-4EB8-9421-82BAA1C4C06D}.Debug|Any CPU.ActiveCfg = Debug|Any CPU
		{E2035874-3FAA-4EB8-9421-82BAA1C4C06D}.Debug|Any CPU.Build.0 = Debug|Any CPU
		{E2035874-3FAA-4EB8-9421-82BAA1C4C06D}.Release|Any CPU.ActiveCfg = Release|Any CPU
		{E2035874-3FAA-4EB8-9421-82BAA1C4C06D}.Release|Any CPU.Build.0 = Release|Any CPU
		{02DB16A5-E386-4D22-9FAA-B747F7FF99F1}.Debug|Any CPU.ActiveCfg = Debug|Any CPU
		{02DB16A5-E386-4D22-9FAA-B747F7FF99F1}.Debug|Any CPU.Build.0 = Debug|Any CPU
		{02DB16A5-E386-4D22-9FAA-B747F7FF99F1}.Release|Any CPU.ActiveCfg = Release|Any CPU
		{02DB16A5-E386-4D22-9FAA-B747F7FF99F1}.Release|Any CPU.Build.0 = Release|Any CPU
		{68962E63-9237-42E0-8527-AE413EBD0963}.Debug|Any CPU.ActiveCfg = Debug|Any CPU
		{68962E63-9237-42E0-8527-AE413EBD0963}.Debug|Any CPU.Build.0 = Debug|Any CPU
		{68962E63-9237-42E0-8527-AE413EBD0963}.Release|Any CPU.ActiveCfg = Release|Any CPU
		{68962E63-9237-42E0-8527-AE413EBD0963}.Release|Any CPU.Build.0 = Release|Any CPU
		{6B1BA9BF-792B-4C2A-8C52-CEE0685DDB2D}.Debug|Any CPU.ActiveCfg = Debug|Any CPU
		{6B1BA9BF-792B-4C2A-8C52-CEE0685DDB2D}.Debug|Any CPU.Build.0 = Debug|Any CPU
		{6B1BA9BF-792B-4C2A-8C52-CEE0685DDB2D}.Release|Any CPU.ActiveCfg = Release|Any CPU
		{6B1BA9BF-792B-4C2A-8C52-CEE0685DDB2D}.Release|Any CPU.Build.0 = Release|Any CPU
		{D32A6D69-B80D-44CC-A88E-8C73E4D70E9C}.Debug|Any CPU.ActiveCfg = Debug|Any CPU
		{D32A6D69-B80D-44CC-A88E-8C73E4D70E9C}.Debug|Any CPU.Build.0 = Debug|Any CPU
		{D32A6D69-B80D-44CC-A88E-8C73E4D70E9C}.Release|Any CPU.ActiveCfg = Release|Any CPU
		{D32A6D69-B80D-44CC-A88E-8C73E4D70E9C}.Release|Any CPU.Build.0 = Release|Any CPU
		{CE0FE241-26A9-4D3B-9BDF-D5DB5B7B3CA0}.Debug|Any CPU.ActiveCfg = Debug|Any CPU
		{CE0FE241-26A9-4D3B-9BDF-D5DB5B7B3CA0}.Debug|Any CPU.Build.0 = Debug|Any CPU
		{CE0FE241-26A9-4D3B-9BDF-D5DB5B7B3CA0}.Release|Any CPU.ActiveCfg = Release|Any CPU
		{CE0FE241-26A9-4D3B-9BDF-D5DB5B7B3CA0}.Release|Any CPU.Build.0 = Release|Any CPU
		{41345B16-0EC1-4044-8395-A938EAC22B93}.Debug|Any CPU.ActiveCfg = Debug|Any CPU
		{41345B16-0EC1-4044-8395-A938EAC22B93}.Debug|Any CPU.Build.0 = Debug|Any CPU
		{41345B16-0EC1-4044-8395-A938EAC22B93}.Release|Any CPU.ActiveCfg = Release|Any CPU
		{41345B16-0EC1-4044-8395-A938EAC22B93}.Release|Any CPU.Build.0 = Release|Any CPU
		{093CFAFB-C835-4602-8C44-A89B321BADA5}.Debug|Any CPU.ActiveCfg = Debug|Any CPU
		{093CFAFB-C835-4602-8C44-A89B321BADA5}.Debug|Any CPU.Build.0 = Debug|Any CPU
		{093CFAFB-C835-4602-8C44-A89B321BADA5}.Release|Any CPU.ActiveCfg = Release|Any CPU
		{093CFAFB-C835-4602-8C44-A89B321BADA5}.Release|Any CPU.Build.0 = Release|Any CPU
		{84946A49-666E-4BB8-B1A1-3248002340DD}.Debug|Any CPU.ActiveCfg = Debug|Any CPU
		{84946A49-666E-4BB8-B1A1-3248002340DD}.Debug|Any CPU.Build.0 = Debug|Any CPU
		{84946A49-666E-4BB8-B1A1-3248002340DD}.Release|Any CPU.ActiveCfg = Release|Any CPU
		{84946A49-666E-4BB8-B1A1-3248002340DD}.Release|Any CPU.Build.0 = Release|Any CPU
		{493CD7B1-65A0-4974-8FAC-9EA1239261E5}.Debug|Any CPU.ActiveCfg = Debug|Any CPU
		{493CD7B1-65A0-4974-8FAC-9EA1239261E5}.Debug|Any CPU.Build.0 = Debug|Any CPU
		{493CD7B1-65A0-4974-8FAC-9EA1239261E5}.Release|Any CPU.ActiveCfg = Release|Any CPU
		{493CD7B1-65A0-4974-8FAC-9EA1239261E5}.Release|Any CPU.Build.0 = Release|Any CPU
		{418BD748-294E-471B-B42A-962C635BCC49}.Debug|Any CPU.ActiveCfg = Debug|Any CPU
		{418BD748-294E-471B-B42A-962C635BCC49}.Debug|Any CPU.Build.0 = Debug|Any CPU
		{418BD748-294E-471B-B42A-962C635BCC49}.Release|Any CPU.ActiveCfg = Release|Any CPU
		{418BD748-294E-471B-B42A-962C635BCC49}.Release|Any CPU.Build.0 = Release|Any CPU
		{02775767-3D38-4C0D-ABD9-23BFB683C5ED}.Debug|Any CPU.ActiveCfg = Debug|Any CPU
		{02775767-3D38-4C0D-ABD9-23BFB683C5ED}.Debug|Any CPU.Build.0 = Debug|Any CPU
		{02775767-3D38-4C0D-ABD9-23BFB683C5ED}.Release|Any CPU.ActiveCfg = Release|Any CPU
		{02775767-3D38-4C0D-ABD9-23BFB683C5ED}.Release|Any CPU.Build.0 = Release|Any CPU
		{6CD11753-535C-47CB-9F99-05B3E6C902DA}.Debug|Any CPU.ActiveCfg = Debug|Any CPU
		{6CD11753-535C-47CB-9F99-05B3E6C902DA}.Debug|Any CPU.Build.0 = Debug|Any CPU
		{6CD11753-535C-47CB-9F99-05B3E6C902DA}.Release|Any CPU.ActiveCfg = Release|Any CPU
		{6CD11753-535C-47CB-9F99-05B3E6C902DA}.Release|Any CPU.Build.0 = Release|Any CPU
		{A818FB68-DC75-47CC-8A91-9DBB43E35C24}.Debug|Any CPU.ActiveCfg = Debug|Any CPU
		{A818FB68-DC75-47CC-8A91-9DBB43E35C24}.Debug|Any CPU.Build.0 = Debug|Any CPU
		{A818FB68-DC75-47CC-8A91-9DBB43E35C24}.Release|Any CPU.ActiveCfg = Release|Any CPU
		{A818FB68-DC75-47CC-8A91-9DBB43E35C24}.Release|Any CPU.Build.0 = Release|Any CPU
	EndGlobalSection
	GlobalSection(SolutionProperties) = preSolution
		HideSolutionNode = FALSE
	EndGlobalSection
	GlobalSection(NestedProjects) = preSolution
		{9358E20C-B18D-4A37-B51C-AF358CF47464} = {74413DAA-4F78-4D22-9657-861937D41AF9}
		{E2035874-3FAA-4EB8-9421-82BAA1C4C06D} = {74413DAA-4F78-4D22-9657-861937D41AF9}
		{02DB16A5-E386-4D22-9FAA-B747F7FF99F1} = {296BAAB2-A662-460E-8282-A544087BE27D}
		{68962E63-9237-42E0-8527-AE413EBD0963} = {296BAAB2-A662-460E-8282-A544087BE27D}
		{6B1BA9BF-792B-4C2A-8C52-CEE0685DDB2D} = {296BAAB2-A662-460E-8282-A544087BE27D}
		{D32A6D69-B80D-44CC-A88E-8C73E4D70E9C} = {296BAAB2-A662-460E-8282-A544087BE27D}
		{CE0FE241-26A9-4D3B-9BDF-D5DB5B7B3CA0} = {296BAAB2-A662-460E-8282-A544087BE27D}
		{41345B16-0EC1-4044-8395-A938EAC22B93} = {74413DAA-4F78-4D22-9657-861937D41AF9}
		{093CFAFB-C835-4602-8C44-A89B321BADA5} = {296BAAB2-A662-460E-8282-A544087BE27D}
		{84946A49-666E-4BB8-B1A1-3248002340DD} = {74413DAA-4F78-4D22-9657-861937D41AF9}
		{493CD7B1-65A0-4974-8FAC-9EA1239261E5} = {74413DAA-4F78-4D22-9657-861937D41AF9}
		{418BD748-294E-471B-B42A-962C635BCC49} = {74413DAA-4F78-4D22-9657-861937D41AF9}
		{02775767-3D38-4C0D-ABD9-23BFB683C5ED} = {74413DAA-4F78-4D22-9657-861937D41AF9}
		{6CD11753-535C-47CB-9F99-05B3E6C902DA} = {74413DAA-4F78-4D22-9657-861937D41AF9}
		{A818FB68-DC75-47CC-8A91-9DBB43E35C24} = {296BAAB2-A662-460E-8282-A544087BE27D}
	EndGlobalSection
EndGlobal
