
Microsoft Visual Studio Solution File, Format Version 12.00
# Visual Studio 15
VisualStudioVersion = 15.0.27130.2010
MinimumVisualStudioVersion = 10.0.40219.1
Project("{2150E333-8FDC-42A3-9474-1A3956D46DE8}") = "EDXLcsproj", "EDXLcsproj", "{A32F9BA4-98F8-4DCE-93F5-EAEEEDB265DA}"
EndProject
Project("{FAE04EC0-301F-11D3-BF4B-00C04F79EFBC}") = "EMS.EDXL.CIQ", "EDXLcsproj\EMS.EDXL.CIQ\EMS.EDXL.CIQ.csproj", "{C7355E44-2165-4F97-B3FB-ECB6EC810A7F}"
EndProject
Project("{FAE04EC0-301F-11D3-BF4B-00C04F79EFBC}") = "EMS.EDXL.CT", "EDXLcsproj\EMS.EDXL.CT\EMS.EDXL.CT.csproj", "{655E62AE-F1FD-40A9-AA18-8972729AA69C}"
EndProject
Project("{FAE04EC0-301F-11D3-BF4B-00C04F79EFBC}") = "EMS.EDXL.DE", "EDXLcsproj\EMS.EDXL.DE\EMS.EDXL.DE.csproj", "{CC75ACA0-41E5-47F0-8CDC-AF26723DF213}"
EndProject
Project("{FAE04EC0-301F-11D3-BF4B-00C04F79EFBC}") = "EMS.EDXL.EXT", "EDXLcsproj\EMS.EDXL.EXT\EMS.EDXL.EXT.csproj", "{EF02309E-A2FA-43FE-98C5-D48260E24730}"
EndProject
Project("{FAE04EC0-301F-11D3-BF4B-00C04F79EFBC}") = "EMS.EDXL.GSF", "EDXLcsproj\EMS.EDXL.GSF\EMS.EDXL.GSF.csproj", "{9BA228FE-4C8D-4210-946F-738168CA1CE4}"
EndProject
Project("{FAE04EC0-301F-11D3-BF4B-00C04F79EFBC}") = "EMS.EDXL.Shared", "EDXLcsproj\EMS.EDXL.Shared\EMS.EDXL.Shared.csproj", "{CB0A3FCB-B76C-4B64-B3D7-382965AD7743}"
EndProject
Project("{FAE04EC0-301F-11D3-BF4B-00C04F79EFBC}") = "EMS.EDXL.SitRep", "EDXLcsproj\EMS.EDXL.SitRep\EMS.EDXL.SitRep.csproj", "{BE967D6A-D610-4308-B07E-B797A4A497F2}"
EndProject
Project("{FAE04EC0-301F-11D3-BF4B-00C04F79EFBC}") = "EMS.EDXL.Utilities", "EDXLcsproj\EMS.EDXL.Utilities\EMS.EDXL.Utilities.csproj", "{0688C796-292D-4228-A36A-9A72E7821203}"
EndProject
Project("{2150E333-8FDC-42A3-9474-1A3956D46DE8}") = "NIEMcsproj", "NIEMcsproj", "{D3491845-E049-4C26-AAD3-EAE675ADB597}"
EndProject
Project("{FAE04EC0-301F-11D3-BF4B-00C04F79EFBC}") = "EMS.NIEM.EMLC", "NIEMcsproj\EMS.NIEM.EMLC\EMS.NIEM.EMLC.csproj", "{3FB034DC-24D4-4BFE-BFCF-CBC59A3740B7}"
EndProject
Project("{FAE04EC0-301F-11D3-BF4B-00C04F79EFBC}") = "EMS.NIEM.Incident", "NIEMcsproj\EMS.NIEM.Incident\EMS.NIEM.Incident.csproj", "{96AC2B17-408B-4EFD-A4F6-A04F9A8EB096}"
EndProject
Project("{FAE04EC0-301F-11D3-BF4B-00C04F79EFBC}") = "EMS.NIEM.Infrastructure", "NIEMcsproj\EMS.NIEM.Infrastructure\EMS.NIEM.Infrastructure.csproj", "{8B103673-3D8D-4809-A19A-450F981CA632}"
EndProject
Project("{FAE04EC0-301F-11D3-BF4B-00C04F79EFBC}") = "EMS.NIEM.MutualAid", "NIEMcsproj\EMS.NIEM.MutualAid\EMS.NIEM.MutualAid.csproj", "{4775D88C-0CCE-4A36-A3FF-E934DE539C05}"
EndProject
Project("{FAE04EC0-301F-11D3-BF4B-00C04F79EFBC}") = "EMS.NIEM.NIEMCommon", "NIEMcsproj\EMS.NIEM.NIEMCommon\EMS.NIEM.NIEMCommon.csproj", "{04622026-6B1C-445D-972A-35CB50217891}"
EndProject
Project("{FAE04EC0-301F-11D3-BF4B-00C04F79EFBC}") = "EMS.NIEM.Resource", "NIEMcsproj\EMS.NIEM.Resource\EMS.NIEM.Resource.csproj", "{79EA8CC5-233A-4F95-A042-FDA4C5AF9448}"
EndProject
Project("{FAE04EC0-301F-11D3-BF4B-00C04F79EFBC}") = "EMS.NIEM.Sensor", "NIEMcsproj\EMS.NIEM.Sensor\EMS.NIEM.Sensor.csproj", "{9299F219-3064-4066-BBD3-AF0176645816}"
EndProject
Global
	GlobalSection(SolutionConfigurationPlatforms) = preSolution
		Debug|Any CPU = Debug|Any CPU
		Release|Any CPU = Release|Any CPU
	EndGlobalSection
	GlobalSection(ProjectConfigurationPlatforms) = postSolution
		{C7355E44-2165-4F97-B3FB-ECB6EC810A7F}.Debug|Any CPU.ActiveCfg = Debug|Any CPU
		{C7355E44-2165-4F97-B3FB-ECB6EC810A7F}.Debug|Any CPU.Build.0 = Debug|Any CPU
		{C7355E44-2165-4F97-B3FB-ECB6EC810A7F}.Release|Any CPU.ActiveCfg = Release|Any CPU
		{C7355E44-2165-4F97-B3FB-ECB6EC810A7F}.Release|Any CPU.Build.0 = Release|Any CPU
		{655E62AE-F1FD-40A9-AA18-8972729AA69C}.Debug|Any CPU.ActiveCfg = Debug|Any CPU
		{655E62AE-F1FD-40A9-AA18-8972729AA69C}.Debug|Any CPU.Build.0 = Debug|Any CPU
		{655E62AE-F1FD-40A9-AA18-8972729AA69C}.Release|Any CPU.ActiveCfg = Release|Any CPU
		{655E62AE-F1FD-40A9-AA18-8972729AA69C}.Release|Any CPU.Build.0 = Release|Any CPU
		{CC75ACA0-41E5-47F0-8CDC-AF26723DF213}.Debug|Any CPU.ActiveCfg = Debug|Any CPU
		{CC75ACA0-41E5-47F0-8CDC-AF26723DF213}.Debug|Any CPU.Build.0 = Debug|Any CPU
		{CC75ACA0-41E5-47F0-8CDC-AF26723DF213}.Release|Any CPU.ActiveCfg = Release|Any CPU
		{CC75ACA0-41E5-47F0-8CDC-AF26723DF213}.Release|Any CPU.Build.0 = Release|Any CPU
		{EF02309E-A2FA-43FE-98C5-D48260E24730}.Debug|Any CPU.ActiveCfg = Debug|Any CPU
		{EF02309E-A2FA-43FE-98C5-D48260E24730}.Debug|Any CPU.Build.0 = Debug|Any CPU
		{EF02309E-A2FA-43FE-98C5-D48260E24730}.Release|Any CPU.ActiveCfg = Release|Any CPU
		{EF02309E-A2FA-43FE-98C5-D48260E24730}.Release|Any CPU.Build.0 = Release|Any CPU
		{9BA228FE-4C8D-4210-946F-738168CA1CE4}.Debug|Any CPU.ActiveCfg = Debug|Any CPU
		{9BA228FE-4C8D-4210-946F-738168CA1CE4}.Debug|Any CPU.Build.0 = Debug|Any CPU
		{9BA228FE-4C8D-4210-946F-738168CA1CE4}.Release|Any CPU.ActiveCfg = Release|Any CPU
		{9BA228FE-4C8D-4210-946F-738168CA1CE4}.Release|Any CPU.Build.0 = Release|Any CPU
		{CB0A3FCB-B76C-4B64-B3D7-382965AD7743}.Debug|Any CPU.ActiveCfg = Debug|Any CPU
		{CB0A3FCB-B76C-4B64-B3D7-382965AD7743}.Debug|Any CPU.Build.0 = Debug|Any CPU
		{CB0A3FCB-B76C-4B64-B3D7-382965AD7743}.Release|Any CPU.ActiveCfg = Release|Any CPU
		{CB0A3FCB-B76C-4B64-B3D7-382965AD7743}.Release|Any CPU.Build.0 = Release|Any CPU
		{BE967D6A-D610-4308-B07E-B797A4A497F2}.Debug|Any CPU.ActiveCfg = Debug|Any CPU
		{BE967D6A-D610-4308-B07E-B797A4A497F2}.Debug|Any CPU.Build.0 = Debug|Any CPU
		{BE967D6A-D610-4308-B07E-B797A4A497F2}.Release|Any CPU.ActiveCfg = Release|Any CPU
		{BE967D6A-D610-4308-B07E-B797A4A497F2}.Release|Any CPU.Build.0 = Release|Any CPU
		{0688C796-292D-4228-A36A-9A72E7821203}.Debug|Any CPU.ActiveCfg = Debug|Any CPU
		{0688C796-292D-4228-A36A-9A72E7821203}.Debug|Any CPU.Build.0 = Debug|Any CPU
		{0688C796-292D-4228-A36A-9A72E7821203}.Release|Any CPU.ActiveCfg = Release|Any CPU
		{0688C796-292D-4228-A36A-9A72E7821203}.Release|Any CPU.Build.0 = Release|Any CPU
		{3FB034DC-24D4-4BFE-BFCF-CBC59A3740B7}.Debug|Any CPU.ActiveCfg = Debug|Any CPU
		{3FB034DC-24D4-4BFE-BFCF-CBC59A3740B7}.Debug|Any CPU.Build.0 = Debug|Any CPU
		{3FB034DC-24D4-4BFE-BFCF-CBC59A3740B7}.Release|Any CPU.ActiveCfg = Release|Any CPU
		{3FB034DC-24D4-4BFE-BFCF-CBC59A3740B7}.Release|Any CPU.Build.0 = Release|Any CPU
		{96AC2B17-408B-4EFD-A4F6-A04F9A8EB096}.Debug|Any CPU.ActiveCfg = Debug|Any CPU
		{96AC2B17-408B-4EFD-A4F6-A04F9A8EB096}.Debug|Any CPU.Build.0 = Debug|Any CPU
		{96AC2B17-408B-4EFD-A4F6-A04F9A8EB096}.Release|Any CPU.ActiveCfg = Release|Any CPU
		{96AC2B17-408B-4EFD-A4F6-A04F9A8EB096}.Release|Any CPU.Build.0 = Release|Any CPU
		{8B103673-3D8D-4809-A19A-450F981CA632}.Debug|Any CPU.ActiveCfg = Debug|Any CPU
		{8B103673-3D8D-4809-A19A-450F981CA632}.Debug|Any CPU.Build.0 = Debug|Any CPU
		{8B103673-3D8D-4809-A19A-450F981CA632}.Release|Any CPU.ActiveCfg = Release|Any CPU
		{8B103673-3D8D-4809-A19A-450F981CA632}.Release|Any CPU.Build.0 = Release|Any CPU
		{4775D88C-0CCE-4A36-A3FF-E934DE539C05}.Debug|Any CPU.ActiveCfg = Debug|Any CPU
		{4775D88C-0CCE-4A36-A3FF-E934DE539C05}.Debug|Any CPU.Build.0 = Debug|Any CPU
		{4775D88C-0CCE-4A36-A3FF-E934DE539C05}.Release|Any CPU.ActiveCfg = Release|Any CPU
		{4775D88C-0CCE-4A36-A3FF-E934DE539C05}.Release|Any CPU.Build.0 = Release|Any CPU
		{04622026-6B1C-445D-972A-35CB50217891}.Debug|Any CPU.ActiveCfg = Debug|Any CPU
		{04622026-6B1C-445D-972A-35CB50217891}.Debug|Any CPU.Build.0 = Debug|Any CPU
		{04622026-6B1C-445D-972A-35CB50217891}.Release|Any CPU.ActiveCfg = Release|Any CPU
		{04622026-6B1C-445D-972A-35CB50217891}.Release|Any CPU.Build.0 = Release|Any CPU
		{79EA8CC5-233A-4F95-A042-FDA4C5AF9448}.Debug|Any CPU.ActiveCfg = Debug|Any CPU
		{79EA8CC5-233A-4F95-A042-FDA4C5AF9448}.Debug|Any CPU.Build.0 = Debug|Any CPU
		{79EA8CC5-233A-4F95-A042-FDA4C5AF9448}.Release|Any CPU.ActiveCfg = Release|Any CPU
		{79EA8CC5-233A-4F95-A042-FDA4C5AF9448}.Release|Any CPU.Build.0 = Release|Any CPU
		{9299F219-3064-4066-BBD3-AF0176645816}.Debug|Any CPU.ActiveCfg = Debug|Any CPU
		{9299F219-3064-4066-BBD3-AF0176645816}.Debug|Any CPU.Build.0 = Debug|Any CPU
		{9299F219-3064-4066-BBD3-AF0176645816}.Release|Any CPU.ActiveCfg = Release|Any CPU
		{9299F219-3064-4066-BBD3-AF0176645816}.Release|Any CPU.Build.0 = Release|Any CPU
	EndGlobalSection
	GlobalSection(SolutionProperties) = preSolution
		HideSolutionNode = FALSE
	EndGlobalSection
	GlobalSection(NestedProjects) = preSolution
		{C7355E44-2165-4F97-B3FB-ECB6EC810A7F} = {A32F9BA4-98F8-4DCE-93F5-EAEEEDB265DA}
		{655E62AE-F1FD-40A9-AA18-8972729AA69C} = {A32F9BA4-98F8-4DCE-93F5-EAEEEDB265DA}
		{CC75ACA0-41E5-47F0-8CDC-AF26723DF213} = {A32F9BA4-98F8-4DCE-93F5-EAEEEDB265DA}
		{EF02309E-A2FA-43FE-98C5-D48260E24730} = {A32F9BA4-98F8-4DCE-93F5-EAEEEDB265DA}
		{9BA228FE-4C8D-4210-946F-738168CA1CE4} = {A32F9BA4-98F8-4DCE-93F5-EAEEEDB265DA}
		{CB0A3FCB-B76C-4B64-B3D7-382965AD7743} = {A32F9BA4-98F8-4DCE-93F5-EAEEEDB265DA}
		{BE967D6A-D610-4308-B07E-B797A4A497F2} = {A32F9BA4-98F8-4DCE-93F5-EAEEEDB265DA}
		{0688C796-292D-4228-A36A-9A72E7821203} = {A32F9BA4-98F8-4DCE-93F5-EAEEEDB265DA}
		{3FB034DC-24D4-4BFE-BFCF-CBC59A3740B7} = {D3491845-E049-4C26-AAD3-EAE675ADB597}
		{96AC2B17-408B-4EFD-A4F6-A04F9A8EB096} = {D3491845-E049-4C26-AAD3-EAE675ADB597}
		{8B103673-3D8D-4809-A19A-450F981CA632} = {D3491845-E049-4C26-AAD3-EAE675ADB597}
		{4775D88C-0CCE-4A36-A3FF-E934DE539C05} = {D3491845-E049-4C26-AAD3-EAE675ADB597}
		{04622026-6B1C-445D-972A-35CB50217891} = {D3491845-E049-4C26-AAD3-EAE675ADB597}
		{79EA8CC5-233A-4F95-A042-FDA4C5AF9448} = {D3491845-E049-4C26-AAD3-EAE675ADB597}
		{9299F219-3064-4066-BBD3-AF0176645816} = {D3491845-E049-4C26-AAD3-EAE675ADB597}
	EndGlobalSection
	GlobalSection(ExtensibilityGlobals) = postSolution
		SolutionGuid = {3D7992C0-9E8D-4BE7-BF04-C4A1EA965CBD}
	EndGlobalSection
EndGlobal
