
Microsoft Visual Studio Solution File, Format Version 12.00
# Visual Studio 14
VisualStudioVersion = 14.0.25420.1
MinimumVisualStudioVersion = 10.0.40219.1
Project("{FAE04EC0-301F-11D3-BF4B-00C04F79EFBC}") = "Shared", "EDXLcsproj\Shared\Shared.csproj", "{4FD6D1AD-D67E-4349-909F-F04986279B63}"
EndProject
Project("{FAE04EC0-301F-11D3-BF4B-00C04F79EFBC}") = "Utilities", "EDXLcsproj\Utilities\Utilities.csproj", "{E92CADCB-9C9B-4247-A6F8-38685936A581}"
EndProject
Project("{FAE04EC0-301F-11D3-BF4B-00C04F79EFBC}") = "CT", "EDXLcsproj\CT\CT.csproj", "{B8A788B9-6D16-4C66-83C0-F511EE7FD81B}"
EndProject
Project("{FAE04EC0-301F-11D3-BF4B-00C04F79EFBC}") = "EXT", "EDXLcsproj\EXT\EXT.csproj", "{088DC7BD-2B6D-4FC3-B75D-3D4AD3B6FD3F}"
EndProject
Project("{FAE04EC0-301F-11D3-BF4B-00C04F79EFBC}") = "CIQ", "EDXLcsproj\CIQ\CIQ.csproj", "{0DC0343D-92B0-4724-94EA-FC04BE168A73}"
EndProject
Project("{FAE04EC0-301F-11D3-BF4B-00C04F79EFBC}") = "DE", "EDXLcsproj\DE\DE.csproj", "{E5FE3689-72CB-469E-8576-1F9B495DCD5C}"
EndProject
Project("{FAE04EC0-301F-11D3-BF4B-00C04F79EFBC}") = "GSF", "EDXLcsproj\GSF\GSF.csproj", "{C746272F-FB43-4259-A116-20DA93DF247B}"
EndProject
Project("{FAE04EC0-301F-11D3-BF4B-00C04F79EFBC}") = "SitRep", "EDXLcsproj\SitRep\SitRep.csproj", "{978A479B-640E-450E-B551-248037D9D2A3}"
EndProject
Project("{2150E333-8FDC-42A3-9474-1A3956D46DE8}") = "EDXLcsproj", "EDXLcsproj", "{94287D56-7D17-4F94-B101-587E7CA78538}"
EndProject
Project("{2150E333-8FDC-42A3-9474-1A3956D46DE8}") = "NIEMcsproj", "NIEMcsproj", "{755CCFE8-52DD-43F0-9EBD-EFE9ABDC5A1D}"
EndProject
Project("{FAE04EC0-301F-11D3-BF4B-00C04F79EFBC}") = "EMLC", "NIEMcsproj\EMLC\EMLC.csproj", "{89F59405-1621-4E6B-A219-5657D3CD565B}"
EndProject
Project("{FAE04EC0-301F-11D3-BF4B-00C04F79EFBC}") = "Incident", "NIEMcsproj\Incident\Incident.csproj", "{FF51D245-8660-40FF-82F2-FD9AFCD6B073}"
EndProject
Project("{FAE04EC0-301F-11D3-BF4B-00C04F79EFBC}") = "Infrastructure", "NIEMcsproj\Infrastructure\Infrastructure.csproj", "{082975E3-23F6-405D-8CE8-32FE4C9F2C6C}"
EndProject
Project("{FAE04EC0-301F-11D3-BF4B-00C04F79EFBC}") = "Resource", "NIEMcsproj\Resource\Resource.csproj", "{F4C85511-5255-4819-9A5C-4BB60AEB330E}"
EndProject
Project("{FAE04EC0-301F-11D3-BF4B-00C04F79EFBC}") = "NIEMCommon", "NIEMcsproj\NIEMCommon\NIEMCommon.csproj", "{E3A9C892-68BD-46C0-88D0-F7DAE322582E}"
EndProject
Project("{FAE04EC0-301F-11D3-BF4B-00C04F79EFBC}") = "MutualAid", "NIEMcsproj\MutualAid\MutualAid.csproj", "{F76E22AB-69AC-41E6-BE0A-3B8493DFF08B}"
EndProject
Project("{FAE04EC0-301F-11D3-BF4B-00C04F79EFBC}") = "Sensor", "NIEMcsproj\Sensor\Sensor.csproj", "{82EE6BFC-A5C0-4E97-B2F1-557D3915943E}"
EndProject
Global
	GlobalSection(SolutionConfigurationPlatforms) = preSolution
		Debug|Any CPU = Debug|Any CPU
		Release|Any CPU = Release|Any CPU
	EndGlobalSection
	GlobalSection(ProjectConfigurationPlatforms) = postSolution
		{4FD6D1AD-D67E-4349-909F-F04986279B63}.Debug|Any CPU.ActiveCfg = Debug|Any CPU
		{4FD6D1AD-D67E-4349-909F-F04986279B63}.Debug|Any CPU.Build.0 = Debug|Any CPU
		{4FD6D1AD-D67E-4349-909F-F04986279B63}.Release|Any CPU.ActiveCfg = Release|Any CPU
		{4FD6D1AD-D67E-4349-909F-F04986279B63}.Release|Any CPU.Build.0 = Release|Any CPU
		{E92CADCB-9C9B-4247-A6F8-38685936A581}.Debug|Any CPU.ActiveCfg = Debug|Any CPU
		{E92CADCB-9C9B-4247-A6F8-38685936A581}.Debug|Any CPU.Build.0 = Debug|Any CPU
		{E92CADCB-9C9B-4247-A6F8-38685936A581}.Release|Any CPU.ActiveCfg = Release|Any CPU
		{E92CADCB-9C9B-4247-A6F8-38685936A581}.Release|Any CPU.Build.0 = Release|Any CPU
		{B8A788B9-6D16-4C66-83C0-F511EE7FD81B}.Debug|Any CPU.ActiveCfg = Debug|Any CPU
		{B8A788B9-6D16-4C66-83C0-F511EE7FD81B}.Debug|Any CPU.Build.0 = Debug|Any CPU
		{B8A788B9-6D16-4C66-83C0-F511EE7FD81B}.Release|Any CPU.ActiveCfg = Release|Any CPU
		{B8A788B9-6D16-4C66-83C0-F511EE7FD81B}.Release|Any CPU.Build.0 = Release|Any CPU
		{088DC7BD-2B6D-4FC3-B75D-3D4AD3B6FD3F}.Debug|Any CPU.ActiveCfg = Debug|Any CPU
		{088DC7BD-2B6D-4FC3-B75D-3D4AD3B6FD3F}.Debug|Any CPU.Build.0 = Debug|Any CPU
		{088DC7BD-2B6D-4FC3-B75D-3D4AD3B6FD3F}.Release|Any CPU.ActiveCfg = Release|Any CPU
		{088DC7BD-2B6D-4FC3-B75D-3D4AD3B6FD3F}.Release|Any CPU.Build.0 = Release|Any CPU
		{0DC0343D-92B0-4724-94EA-FC04BE168A73}.Debug|Any CPU.ActiveCfg = Debug|Any CPU
		{0DC0343D-92B0-4724-94EA-FC04BE168A73}.Debug|Any CPU.Build.0 = Debug|Any CPU
		{0DC0343D-92B0-4724-94EA-FC04BE168A73}.Release|Any CPU.ActiveCfg = Release|Any CPU
		{0DC0343D-92B0-4724-94EA-FC04BE168A73}.Release|Any CPU.Build.0 = Release|Any CPU
		{E5FE3689-72CB-469E-8576-1F9B495DCD5C}.Debug|Any CPU.ActiveCfg = Debug|Any CPU
		{E5FE3689-72CB-469E-8576-1F9B495DCD5C}.Debug|Any CPU.Build.0 = Debug|Any CPU
		{E5FE3689-72CB-469E-8576-1F9B495DCD5C}.Release|Any CPU.ActiveCfg = Release|Any CPU
		{E5FE3689-72CB-469E-8576-1F9B495DCD5C}.Release|Any CPU.Build.0 = Release|Any CPU
		{C746272F-FB43-4259-A116-20DA93DF247B}.Debug|Any CPU.ActiveCfg = Debug|Any CPU
		{C746272F-FB43-4259-A116-20DA93DF247B}.Debug|Any CPU.Build.0 = Debug|Any CPU
		{C746272F-FB43-4259-A116-20DA93DF247B}.Release|Any CPU.ActiveCfg = Release|Any CPU
		{C746272F-FB43-4259-A116-20DA93DF247B}.Release|Any CPU.Build.0 = Release|Any CPU
		{978A479B-640E-450E-B551-248037D9D2A3}.Debug|Any CPU.ActiveCfg = Debug|Any CPU
		{978A479B-640E-450E-B551-248037D9D2A3}.Debug|Any CPU.Build.0 = Debug|Any CPU
		{978A479B-640E-450E-B551-248037D9D2A3}.Release|Any CPU.ActiveCfg = Release|Any CPU
		{978A479B-640E-450E-B551-248037D9D2A3}.Release|Any CPU.Build.0 = Release|Any CPU
		{89F59405-1621-4E6B-A219-5657D3CD565B}.Debug|Any CPU.ActiveCfg = Debug|Any CPU
		{89F59405-1621-4E6B-A219-5657D3CD565B}.Debug|Any CPU.Build.0 = Debug|Any CPU
		{89F59405-1621-4E6B-A219-5657D3CD565B}.Release|Any CPU.ActiveCfg = Release|Any CPU
		{89F59405-1621-4E6B-A219-5657D3CD565B}.Release|Any CPU.Build.0 = Release|Any CPU
		{FF51D245-8660-40FF-82F2-FD9AFCD6B073}.Debug|Any CPU.ActiveCfg = Debug|Any CPU
		{FF51D245-8660-40FF-82F2-FD9AFCD6B073}.Debug|Any CPU.Build.0 = Debug|Any CPU
		{FF51D245-8660-40FF-82F2-FD9AFCD6B073}.Release|Any CPU.ActiveCfg = Release|Any CPU
		{FF51D245-8660-40FF-82F2-FD9AFCD6B073}.Release|Any CPU.Build.0 = Release|Any CPU
		{082975E3-23F6-405D-8CE8-32FE4C9F2C6C}.Debug|Any CPU.ActiveCfg = Debug|Any CPU
		{082975E3-23F6-405D-8CE8-32FE4C9F2C6C}.Debug|Any CPU.Build.0 = Debug|Any CPU
		{082975E3-23F6-405D-8CE8-32FE4C9F2C6C}.Release|Any CPU.ActiveCfg = Release|Any CPU
		{082975E3-23F6-405D-8CE8-32FE4C9F2C6C}.Release|Any CPU.Build.0 = Release|Any CPU
		{F4C85511-5255-4819-9A5C-4BB60AEB330E}.Debug|Any CPU.ActiveCfg = Debug|Any CPU
		{F4C85511-5255-4819-9A5C-4BB60AEB330E}.Debug|Any CPU.Build.0 = Debug|Any CPU
		{F4C85511-5255-4819-9A5C-4BB60AEB330E}.Release|Any CPU.ActiveCfg = Release|Any CPU
		{F4C85511-5255-4819-9A5C-4BB60AEB330E}.Release|Any CPU.Build.0 = Release|Any CPU
		{E3A9C892-68BD-46C0-88D0-F7DAE322582E}.Debug|Any CPU.ActiveCfg = Debug|Any CPU
		{E3A9C892-68BD-46C0-88D0-F7DAE322582E}.Debug|Any CPU.Build.0 = Debug|Any CPU
		{E3A9C892-68BD-46C0-88D0-F7DAE322582E}.Release|Any CPU.ActiveCfg = Release|Any CPU
		{E3A9C892-68BD-46C0-88D0-F7DAE322582E}.Release|Any CPU.Build.0 = Release|Any CPU
		{F76E22AB-69AC-41E6-BE0A-3B8493DFF08B}.Debug|Any CPU.ActiveCfg = Debug|Any CPU
		{F76E22AB-69AC-41E6-BE0A-3B8493DFF08B}.Debug|Any CPU.Build.0 = Debug|Any CPU
		{F76E22AB-69AC-41E6-BE0A-3B8493DFF08B}.Release|Any CPU.ActiveCfg = Release|Any CPU
		{F76E22AB-69AC-41E6-BE0A-3B8493DFF08B}.Release|Any CPU.Build.0 = Release|Any CPU
		{82EE6BFC-A5C0-4E97-B2F1-557D3915943E}.Debug|Any CPU.ActiveCfg = Debug|Any CPU
		{82EE6BFC-A5C0-4E97-B2F1-557D3915943E}.Debug|Any CPU.Build.0 = Debug|Any CPU
		{82EE6BFC-A5C0-4E97-B2F1-557D3915943E}.Release|Any CPU.ActiveCfg = Release|Any CPU
		{82EE6BFC-A5C0-4E97-B2F1-557D3915943E}.Release|Any CPU.Build.0 = Release|Any CPU
	EndGlobalSection
	GlobalSection(SolutionProperties) = preSolution
		HideSolutionNode = FALSE
	EndGlobalSection
	GlobalSection(NestedProjects) = preSolution
		{4FD6D1AD-D67E-4349-909F-F04986279B63} = {94287D56-7D17-4F94-B101-587E7CA78538}
		{E92CADCB-9C9B-4247-A6F8-38685936A581} = {94287D56-7D17-4F94-B101-587E7CA78538}
		{B8A788B9-6D16-4C66-83C0-F511EE7FD81B} = {94287D56-7D17-4F94-B101-587E7CA78538}
		{088DC7BD-2B6D-4FC3-B75D-3D4AD3B6FD3F} = {94287D56-7D17-4F94-B101-587E7CA78538}
		{0DC0343D-92B0-4724-94EA-FC04BE168A73} = {94287D56-7D17-4F94-B101-587E7CA78538}
		{E5FE3689-72CB-469E-8576-1F9B495DCD5C} = {94287D56-7D17-4F94-B101-587E7CA78538}
		{C746272F-FB43-4259-A116-20DA93DF247B} = {94287D56-7D17-4F94-B101-587E7CA78538}
		{978A479B-640E-450E-B551-248037D9D2A3} = {94287D56-7D17-4F94-B101-587E7CA78538}
		{89F59405-1621-4E6B-A219-5657D3CD565B} = {755CCFE8-52DD-43F0-9EBD-EFE9ABDC5A1D}
		{FF51D245-8660-40FF-82F2-FD9AFCD6B073} = {755CCFE8-52DD-43F0-9EBD-EFE9ABDC5A1D}
		{082975E3-23F6-405D-8CE8-32FE4C9F2C6C} = {755CCFE8-52DD-43F0-9EBD-EFE9ABDC5A1D}
		{F4C85511-5255-4819-9A5C-4BB60AEB330E} = {755CCFE8-52DD-43F0-9EBD-EFE9ABDC5A1D}
		{E3A9C892-68BD-46C0-88D0-F7DAE322582E} = {755CCFE8-52DD-43F0-9EBD-EFE9ABDC5A1D}
		{F76E22AB-69AC-41E6-BE0A-3B8493DFF08B} = {755CCFE8-52DD-43F0-9EBD-EFE9ABDC5A1D}
		{82EE6BFC-A5C0-4E97-B2F1-557D3915943E} = {755CCFE8-52DD-43F0-9EBD-EFE9ABDC5A1D}
	EndGlobalSection
EndGlobal
